
Microsoft Visual Studio Solution File, Format Version 12.00
# Visual Studio Version 16
VisualStudioVersion = 16.0.31624.102
MinimumVisualStudioVersion = 10.0.40219.1
Project("{FAE04EC0-301F-11D3-BF4B-00C04F79EFBC}") = "XplatformProject.UWP", "XplatformProject\XplatformProject.UWP\XplatformProject.UWP.csproj", "{2228193D-38CA-491F-B7E5-EF8EB3E7FB24}"
EndProject
Project("{FAE04EC0-301F-11D3-BF4B-00C04F79EFBC}") = "XplatformProject.Android", "XplatformProject\XplatformProject.Android\XplatformProject.Android.csproj", "{A64D57C5-0BD4-4A1A-84AE-BEDA2CC5A8E8}"
EndProject
Project("{FAE04EC0-301F-11D3-BF4B-00C04F79EFBC}") = "XplatformProject.iOS", "XplatformProject\XplatformProject.iOS\XplatformProject.iOS.csproj", "{DA0F9C87-1119-45A1-9846-01329CEB33A2}"
EndProject
Project("{9A19103F-16F7-4668-BE54-9A1E7A4F7556}") = "XplatformProject", "XplatformProject\XplatformProject\XplatformProject.csproj", "{BC6D1B53-D42A-4412-A30D-5627B58DD4A7}"
EndProject
Global
	GlobalSection(SolutionConfigurationPlatforms) = preSolution
		Debug|Any CPU = Debug|Any CPU
		Debug|ARM = Debug|ARM
		Debug|iPhone = Debug|iPhone
		Debug|iPhoneSimulator = Debug|iPhoneSimulator
		Debug|x64 = Debug|x64
		Debug|x86 = Debug|x86
		Release|Any CPU = Release|Any CPU
		Release|ARM = Release|ARM
		Release|iPhone = Release|iPhone
		Release|iPhoneSimulator = Release|iPhoneSimulator
		Release|x64 = Release|x64
		Release|x86 = Release|x86
	EndGlobalSection
	GlobalSection(ProjectConfigurationPlatforms) = postSolution
		{2228193D-38CA-491F-B7E5-EF8EB3E7FB24}.Debug|Any CPU.ActiveCfg = Debug|x86
		{2228193D-38CA-491F-B7E5-EF8EB3E7FB24}.Debug|Any CPU.Build.0 = Debug|x86
		{2228193D-38CA-491F-B7E5-EF8EB3E7FB24}.Debug|Any CPU.Deploy.0 = Debug|x86
		{2228193D-38CA-491F-B7E5-EF8EB3E7FB24}.Debug|ARM.ActiveCfg = Debug|ARM
		{2228193D-38CA-491F-B7E5-EF8EB3E7FB24}.Debug|ARM.Build.0 = Debug|ARM
		{2228193D-38CA-491F-B7E5-EF8EB3E7FB24}.Debug|ARM.Deploy.0 = Debug|ARM
		{2228193D-38CA-491F-B7E5-EF8EB3E7FB24}.Debug|iPhone.ActiveCfg = Debug|x86
		{2228193D-38CA-491F-B7E5-EF8EB3E7FB24}.Debug|iPhone.Build.0 = Debug|x86
		{2228193D-38CA-491F-B7E5-EF8EB3E7FB24}.Debug|iPhone.Deploy.0 = Debug|x86
		{2228193D-38CA-491F-B7E5-EF8EB3E7FB24}.Debug|iPhoneSimulator.ActiveCfg = Debug|x86
		{2228193D-38CA-491F-B7E5-EF8EB3E7FB24}.Debug|iPhoneSimulator.Build.0 = Debug|x86
		{2228193D-38CA-491F-B7E5-EF8EB3E7FB24}.Debug|iPhoneSimulator.Deploy.0 = Debug|x86
		{2228193D-38CA-491F-B7E5-EF8EB3E7FB24}.Debug|x64.ActiveCfg = Debug|x64
		{2228193D-38CA-491F-B7E5-EF8EB3E7FB24}.Debug|x64.Build.0 = Debug|x64
		{2228193D-38CA-491F-B7E5-EF8EB3E7FB24}.Debug|x64.Deploy.0 = Debug|x64
		{2228193D-38CA-491F-B7E5-EF8EB3E7FB24}.Debug|x86.ActiveCfg = Debug|x86
		{2228193D-38CA-491F-B7E5-EF8EB3E7FB24}.Debug|x86.Build.0 = Debug|x86
		{2228193D-38CA-491F-B7E5-EF8EB3E7FB24}.Debug|x86.Deploy.0 = Debug|x86
		{2228193D-38CA-491F-B7E5-EF8EB3E7FB24}.Release|Any CPU.ActiveCfg = Release|x86
		{2228193D-38CA-491F-B7E5-EF8EB3E7FB24}.Release|Any CPU.Build.0 = Release|x86
		{2228193D-38CA-491F-B7E5-EF8EB3E7FB24}.Release|Any CPU.Deploy.0 = Release|x86
		{2228193D-38CA-491F-B7E5-EF8EB3E7FB24}.Release|ARM.ActiveCfg = Release|ARM
		{2228193D-38CA-491F-B7E5-EF8EB3E7FB24}.Release|ARM.Build.0 = Release|ARM
		{2228193D-38CA-491F-B7E5-EF8EB3E7FB24}.Release|ARM.Deploy.0 = Release|ARM
		{2228193D-38CA-491F-B7E5-EF8EB3E7FB24}.Release|iPhone.ActiveCfg = Release|x86
		{2228193D-38CA-491F-B7E5-EF8EB3E7FB24}.Release|iPhone.Build.0 = Release|x86
		{2228193D-38CA-491F-B7E5-EF8EB3E7FB24}.Release|iPhone.Deploy.0 = Release|x86
		{2228193D-38CA-491F-B7E5-EF8EB3E7FB24}.Release|iPhoneSimulator.ActiveCfg = Release|x86
		{2228193D-38CA-491F-B7E5-EF8EB3E7FB24}.Release|iPhoneSimulator.Build.0 = Release|x86
		{2228193D-38CA-491F-B7E5-EF8EB3E7FB24}.Release|iPhoneSimulator.Deploy.0 = Release|x86
		{2228193D-38CA-491F-B7E5-EF8EB3E7FB24}.Release|x64.ActiveCfg = Release|x64
		{2228193D-38CA-491F-B7E5-EF8EB3E7FB24}.Release|x64.Build.0 = Release|x64
		{2228193D-38CA-491F-B7E5-EF8EB3E7FB24}.Release|x64.Deploy.0 = Release|x64
		{2228193D-38CA-491F-B7E5-EF8EB3E7FB24}.Release|x86.ActiveCfg = Release|x86
		{2228193D-38CA-491F-B7E5-EF8EB3E7FB24}.Release|x86.Build.0 = Release|x86
		{2228193D-38CA-491F-B7E5-EF8EB3E7FB24}.Release|x86.Deploy.0 = Release|x86
		{A64D57C5-0BD4-4A1A-84AE-BEDA2CC5A8E8}.Debug|Any CPU.ActiveCfg = Debug|Any CPU
		{A64D57C5-0BD4-4A1A-84AE-BEDA2CC5A8E8}.Debug|Any CPU.Build.0 = Debug|Any CPU
		{A64D57C5-0BD4-4A1A-84AE-BEDA2CC5A8E8}.Debug|Any CPU.Deploy.0 = Debug|Any CPU
		{A64D57C5-0BD4-4A1A-84AE-BEDA2CC5A8E8}.Debug|ARM.ActiveCfg = Debug|Any CPU
		{A64D57C5-0BD4-4A1A-84AE-BEDA2CC5A8E8}.Debug|ARM.Build.0 = Debug|Any CPU
		{A64D57C5-0BD4-4A1A-84AE-BEDA2CC5A8E8}.Debug|ARM.Deploy.0 = Debug|Any CPU
		{A64D57C5-0BD4-4A1A-84AE-BEDA2CC5A8E8}.Debug|iPhone.ActiveCfg = Debug|Any CPU
		{A64D57C5-0BD4-4A1A-84AE-BEDA2CC5A8E8}.Debug|iPhone.Build.0 = Debug|Any CPU
		{A64D57C5-0BD4-4A1A-84AE-BEDA2CC5A8E8}.Debug|iPhone.Deploy.0 = Debug|Any CPU
		{A64D57C5-0BD4-4A1A-84AE-BEDA2CC5A8E8}.Debug|iPhoneSimulator.ActiveCfg = Debug|Any CPU
		{A64D57C5-0BD4-4A1A-84AE-BEDA2CC5A8E8}.Debug|iPhoneSimulator.Build.0 = Debug|Any CPU
		{A64D57C5-0BD4-4A1A-84AE-BEDA2CC5A8E8}.Debug|iPhoneSimulator.Deploy.0 = Debug|Any CPU
		{A64D57C5-0BD4-4A1A-84AE-BEDA2CC5A8E8}.Debug|x64.ActiveCfg = Debug|Any CPU
		{A64D57C5-0BD4-4A1A-84AE-BEDA2CC5A8E8}.Debug|x64.Build.0 = Debug|Any CPU
		{A64D57C5-0BD4-4A1A-84AE-BEDA2CC5A8E8}.Debug|x64.Deploy.0 = Debug|Any CPU
		{A64D57C5-0BD4-4A1A-84AE-BEDA2CC5A8E8}.Debug|x86.ActiveCfg = Debug|Any CPU
		{A64D57C5-0BD4-4A1A-84AE-BEDA2CC5A8E8}.Debug|x86.Build.0 = Debug|Any CPU
		{A64D57C5-0BD4-4A1A-84AE-BEDA2CC5A8E8}.Debug|x86.Deploy.0 = Debug|Any CPU
		{A64D57C5-0BD4-4A1A-84AE-BEDA2CC5A8E8}.Release|Any CPU.ActiveCfg = Release|Any CPU
		{A64D57C5-0BD4-4A1A-84AE-BEDA2CC5A8E8}.Release|Any CPU.Build.0 = Release|Any CPU
		{A64D57C5-0BD4-4A1A-84AE-BEDA2CC5A8E8}.Release|Any CPU.Deploy.0 = Release|Any CPU
		{A64D57C5-0BD4-4A1A-84AE-BEDA2CC5A8E8}.Release|ARM.ActiveCfg = Release|Any CPU
		{A64D57C5-0BD4-4A1A-84AE-BEDA2CC5A8E8}.Release|ARM.Build.0 = Release|Any CPU
		{A64D57C5-0BD4-4A1A-84AE-BEDA2CC5A8E8}.Release|ARM.Deploy.0 = Release|Any CPU
		{A64D57C5-0BD4-4A1A-84AE-BEDA2CC5A8E8}.Release|iPhone.ActiveCfg = Release|Any CPU
		{A64D57C5-0BD4-4A1A-84AE-BEDA2CC5A8E8}.Release|iPhone.Build.0 = Release|Any CPU
		{A64D57C5-0BD4-4A1A-84AE-BEDA2CC5A8E8}.Release|iPhone.Deploy.0 = Release|Any CPU
		{A64D57C5-0BD4-4A1A-84AE-BEDA2CC5A8E8}.Release|iPhoneSimulator.ActiveCfg = Release|Any CPU
		{A64D57C5-0BD4-4A1A-84AE-BEDA2CC5A8E8}.Release|iPhoneSimulator.Build.0 = Release|Any CPU
		{A64D57C5-0BD4-4A1A-84AE-BEDA2CC5A8E8}.Release|iPhoneSimulator.Deploy.0 = Release|Any CPU
		{A64D57C5-0BD4-4A1A-84AE-BEDA2CC5A8E8}.Release|x64.ActiveCfg = Release|Any CPU
		{A64D57C5-0BD4-4A1A-84AE-BEDA2CC5A8E8}.Release|x64.Build.0 = Release|Any CPU
		{A64D57C5-0BD4-4A1A-84AE-BEDA2CC5A8E8}.Release|x64.Deploy.0 = Release|Any CPU
		{A64D57C5-0BD4-4A1A-84AE-BEDA2CC5A8E8}.Release|x86.ActiveCfg = Release|Any CPU
		{A64D57C5-0BD4-4A1A-84AE-BEDA2CC5A8E8}.Release|x86.Build.0 = Release|Any CPU
		{A64D57C5-0BD4-4A1A-84AE-BEDA2CC5A8E8}.Release|x86.Deploy.0 = Release|Any CPU
		{DA0F9C87-1119-45A1-9846-01329CEB33A2}.Debug|Any CPU.ActiveCfg = Debug|iPhoneSimulator
		{DA0F9C87-1119-45A1-9846-01329CEB33A2}.Debug|Any CPU.Build.0 = Debug|iPhoneSimulator
		{DA0F9C87-1119-45A1-9846-01329CEB33A2}.Debug|Any CPU.Deploy.0 = Debug|iPhoneSimulator
		{DA0F9C87-1119-45A1-9846-01329CEB33A2}.Debug|ARM.ActiveCfg = Debug|iPhone
		{DA0F9C87-1119-45A1-9846-01329CEB33A2}.Debug|ARM.Build.0 = Debug|iPhone
		{DA0F9C87-1119-45A1-9846-01329CEB33A2}.Debug|ARM.Deploy.0 = Debug|iPhone
		{DA0F9C87-1119-45A1-9846-01329CEB33A2}.Debug|iPhone.ActiveCfg = Debug|iPhone
		{DA0F9C87-1119-45A1-9846-01329CEB33A2}.Debug|iPhone.Build.0 = Debug|iPhone
		{DA0F9C87-1119-45A1-9846-01329CEB33A2}.Debug|iPhone.Deploy.0 = Debug|iPhone
		{DA0F9C87-1119-45A1-9846-01329CEB33A2}.Debug|iPhoneSimulator.ActiveCfg = Debug|iPhoneSimulator
		{DA0F9C87-1119-45A1-9846-01329CEB33A2}.Debug|iPhoneSimulator.Build.0 = Debug|iPhoneSimulator
		{DA0F9C87-1119-45A1-9846-01329CEB33A2}.Debug|iPhoneSimulator.Deploy.0 = Debug|iPhoneSimulator
		{DA0F9C87-1119-45A1-9846-01329CEB33A2}.Debug|x64.ActiveCfg = Debug|iPhoneSimulator
		{DA0F9C87-1119-45A1-9846-01329CEB33A2}.Debug|x64.Build.0 = Debug|iPhoneSimulator
		{DA0F9C87-1119-45A1-9846-01329CEB33A2}.Debug|x64.Deploy.0 = Debug|iPhoneSimulator
		{DA0F9C87-1119-45A1-9846-01329CEB33A2}.Debug|x86.ActiveCfg = Debug|iPhoneSimulator
		{DA0F9C87-1119-45A1-9846-01329CEB33A2}.Debug|x86.Build.0 = Debug|iPhoneSimulator
		{DA0F9C87-1119-45A1-9846-01329CEB33A2}.Debug|x86.Deploy.0 = Debug|iPhoneSimulator
		{DA0F9C87-1119-45A1-9846-01329CEB33A2}.Release|Any CPU.ActiveCfg = Release|iPhoneSimulator
		{DA0F9C87-1119-45A1-9846-01329CEB33A2}.Release|Any CPU.Build.0 = Release|iPhoneSimulator
		{DA0F9C87-1119-45A1-9846-01329CEB33A2}.Release|Any CPU.Deploy.0 = Release|iPhoneSimulator
		{DA0F9C87-1119-45A1-9846-01329CEB33A2}.Release|ARM.ActiveCfg = Release|iPhoneSimulator
		{DA0F9C87-1119-45A1-9846-01329CEB33A2}.Release|ARM.Build.0 = Release|iPhoneSimulator
		{DA0F9C87-1119-45A1-9846-01329CEB33A2}.Release|ARM.Deploy.0 = Release|iPhoneSimulator
		{DA0F9C87-1119-45A1-9846-01329CEB33A2}.Release|iPhone.ActiveCfg = Release|iPhone
		{DA0F9C87-1119-45A1-9846-01329CEB33A2}.Release|iPhone.Build.0 = Release|iPhone
		{DA0F9C87-1119-45A1-9846-01329CEB33A2}.Release|iPhone.Deploy.0 = Release|iPhone
		{DA0F9C87-1119-45A1-9846-01329CEB33A2}.Release|iPhoneSimulator.ActiveCfg = Release|iPhoneSimulator
		{DA0F9C87-1119-45A1-9846-01329CEB33A2}.Release|iPhoneSimulator.Build.0 = Release|iPhoneSimulator
		{DA0F9C87-1119-45A1-9846-01329CEB33A2}.Release|iPhoneSimulator.Deploy.0 = Release|iPhoneSimulator
		{DA0F9C87-1119-45A1-9846-01329CEB33A2}.Release|x64.ActiveCfg = Release|iPhoneSimulator
		{DA0F9C87-1119-45A1-9846-01329CEB33A2}.Release|x64.Build.0 = Release|iPhoneSimulator
		{DA0F9C87-1119-45A1-9846-01329CEB33A2}.Release|x64.Deploy.0 = Release|iPhoneSimulator
		{DA0F9C87-1119-45A1-9846-01329CEB33A2}.Release|x86.ActiveCfg = Release|iPhoneSimulator
		{DA0F9C87-1119-45A1-9846-01329CEB33A2}.Release|x86.Build.0 = Release|iPhoneSimulator
		{DA0F9C87-1119-45A1-9846-01329CEB33A2}.Release|x86.Deploy.0 = Release|iPhoneSimulator
		{BC6D1B53-D42A-4412-A30D-5627B58DD4A7}.Debug|Any CPU.ActiveCfg = Debug|Any CPU
		{BC6D1B53-D42A-4412-A30D-5627B58DD4A7}.Debug|Any CPU.Build.0 = Debug|Any CPU
		{BC6D1B53-D42A-4412-A30D-5627B58DD4A7}.Debug|Any CPU.Deploy.0 = Debug|Any CPU
		{BC6D1B53-D42A-4412-A30D-5627B58DD4A7}.Debug|ARM.ActiveCfg = Debug|Any CPU
		{BC6D1B53-D42A-4412-A30D-5627B58DD4A7}.Debug|ARM.Build.0 = Debug|Any CPU
		{BC6D1B53-D42A-4412-A30D-5627B58DD4A7}.Debug|ARM.Deploy.0 = Debug|Any CPU
		{BC6D1B53-D42A-4412-A30D-5627B58DD4A7}.Debug|iPhone.ActiveCfg = Debug|Any CPU
		{BC6D1B53-D42A-4412-A30D-5627B58DD4A7}.Debug|iPhone.Build.0 = Debug|Any CPU
		{BC6D1B53-D42A-4412-A30D-5627B58DD4A7}.Debug|iPhone.Deploy.0 = Debug|Any CPU
		{BC6D1B53-D42A-4412-A30D-5627B58DD4A7}.Debug|iPhoneSimulator.ActiveCfg = Debug|Any CPU
		{BC6D1B53-D42A-4412-A30D-5627B58DD4A7}.Debug|iPhoneSimulator.Build.0 = Debug|Any CPU
		{BC6D1B53-D42A-4412-A30D-5627B58DD4A7}.Debug|iPhoneSimulator.Deploy.0 = Debug|Any CPU
		{BC6D1B53-D42A-4412-A30D-5627B58DD4A7}.Debug|x64.ActiveCfg = Debug|Any CPU
		{BC6D1B53-D42A-4412-A30D-5627B58DD4A7}.Debug|x64.Build.0 = Debug|Any CPU
		{BC6D1B53-D42A-4412-A30D-5627B58DD4A7}.Debug|x64.Deploy.0 = Debug|Any CPU
		{BC6D1B53-D42A-4412-A30D-5627B58DD4A7}.Debug|x86.ActiveCfg = Debug|Any CPU
		{BC6D1B53-D42A-4412-A30D-5627B58DD4A7}.Debug|x86.Build.0 = Debug|Any CPU
		{BC6D1B53-D42A-4412-A30D-5627B58DD4A7}.Debug|x86.Deploy.0 = Debug|Any CPU
		{BC6D1B53-D42A-4412-A30D-5627B58DD4A7}.Release|Any CPU.ActiveCfg = Release|Any CPU
		{BC6D1B53-D42A-4412-A30D-5627B58DD4A7}.Release|Any CPU.Build.0 = Release|Any CPU
		{BC6D1B53-D42A-4412-A30D-5627B58DD4A7}.Release|Any CPU.Deploy.0 = Release|Any CPU
		{BC6D1B53-D42A-4412-A30D-5627B58DD4A7}.Release|ARM.ActiveCfg = Release|Any CPU
		{BC6D1B53-D42A-4412-A30D-5627B58DD4A7}.Release|ARM.Build.0 = Release|Any CPU
		{BC6D1B53-D42A-4412-A30D-5627B58DD4A7}.Release|ARM.Deploy.0 = Release|Any CPU
		{BC6D1B53-D42A-4412-A30D-5627B58DD4A7}.Release|iPhone.ActiveCfg = Release|Any CPU
		{BC6D1B53-D42A-4412-A30D-5627B58DD4A7}.Release|iPhone.Build.0 = Release|Any CPU
		{BC6D1B53-D42A-4412-A30D-5627B58DD4A7}.Release|iPhone.Deploy.0 = Release|Any CPU
		{BC6D1B53-D42A-4412-A30D-5627B58DD4A7}.Release|iPhoneSimulator.ActiveCfg = Release|Any CPU
		{BC6D1B53-D42A-4412-A30D-5627B58DD4A7}.Release|iPhoneSimulator.Build.0 = Release|Any CPU
		{BC6D1B53-D42A-4412-A30D-5627B58DD4A7}.Release|iPhoneSimulator.Deploy.0 = Release|Any CPU
		{BC6D1B53-D42A-4412-A30D-5627B58DD4A7}.Release|x64.ActiveCfg = Release|Any CPU
		{BC6D1B53-D42A-4412-A30D-5627B58DD4A7}.Release|x64.Build.0 = Release|Any CPU
		{BC6D1B53-D42A-4412-A30D-5627B58DD4A7}.Release|x64.Deploy.0 = Release|Any CPU
		{BC6D1B53-D42A-4412-A30D-5627B58DD4A7}.Release|x86.ActiveCfg = Release|Any CPU
		{BC6D1B53-D42A-4412-A30D-5627B58DD4A7}.Release|x86.Build.0 = Release|Any CPU
		{BC6D1B53-D42A-4412-A30D-5627B58DD4A7}.Release|x86.Deploy.0 = Release|Any CPU
	EndGlobalSection
	GlobalSection(SolutionProperties) = preSolution
		HideSolutionNode = FALSE
	EndGlobalSection
	GlobalSection(ExtensibilityGlobals) = postSolution
		SolutionGuid = {31468A9D-C51C-4BBA-8ECB-B9D7DA796012}
	EndGlobalSection
EndGlobal
